
Microsoft Visual Studio Solution File, Format Version 12.00
# Visual Studio Version 17
VisualStudioVersion = 17.12.35707.178 d17.12
MinimumVisualStudioVersion = 10.0.40219.1
Project("{FAE04EC0-301F-11D3-BF4B-00C04F79EFBC}") = "WebApi1", "WebApi1\WebApi1.csproj", "{D206B435-AF2A-4747-89AE-C6F533D3E25A}"
EndProject
Global
	GlobalSection(SolutionConfigurationPlatforms) = preSolution
		Debug|Any CPU = Debug|Any CPU
		Release|Any CPU = Release|Any CPU
	EndGlobalSection
	GlobalSection(ProjectConfigurationPlatforms) = postSolution
		{D206B435-AF2A-4747-89AE-C6F533D3E25A}.Debug|Any CPU.ActiveCfg = Debug|Any CPU
		{D206B435-AF2A-4747-89AE-C6F533D3E25A}.Debug|Any CPU.Build.0 = Debug|Any CPU
		{D206B435-AF2A-4747-89AE-C6F533D3E25A}.Release|Any CPU.ActiveCfg = Release|Any CPU
		{D206B435-AF2A-4747-89AE-C6F533D3E25A}.Release|Any CPU.Build.0 = Release|Any CPU
	EndGlobalSection
	GlobalSection(SolutionProperties) = preSolution
		HideSolutionNode = FALSE
	EndGlobalSection
EndGlobal
